// !$*UTF8*$!
{
	archiveVersion = 1;
	classes = {
	};
	objectVersion = 56;
	objects = {

/* Begin PBXBuildFile section */
		0CE5A0BD3AEEF1551DAF72EF /* NewReleaseCollectionViewCell.swift in Sources */ = {isa = PBXBuildFile; fileRef = B86FBCBC17FD1FC430F17467 /* NewReleaseCollectionViewCell.swift */; };
		1A5CF086B281BBAFEF2CC320 /* RecommendedTrackCollectionViewCell.swift in Sources */ = {isa = PBXBuildFile; fileRef = DE0F8EB502899DA33E308ECE /* RecommendedTrackCollectionViewCell.swift */; };
		3A8F1E1A853BADBFC779FBAE /* NewReleasesCellViewModel.swift in Sources */ = {isa = PBXBuildFile; fileRef = 194EE64AAC55F567A8D5F6BA /* NewReleasesCellViewModel.swift */; };
		456DA255EFC8C0DBFF6BBBDD /* Playlist.swift in Sources */ = {isa = PBXBuildFile; fileRef = 54FCA24B4101F3252F3C866E /* Playlist.swift */; };
		461EC352FDE1C52B22AF09DF /* AlbumViewController.swift in Sources */ = {isa = PBXBuildFile; fileRef = 470E3DAAAED813F4FF43947A /* AlbumViewController.swift */; };
		4DF6D48B78279A9076266180 /* GetRrecommendationsResponse.swift in Sources */ = {isa = PBXBuildFile; fileRef = D5E4F257684C1B059F5D073D /* GetRrecommendationsResponse.swift */; };
		5AD37C88906363D8C8AE626E /* Pods_Spotify.framework in Frameworks */ = {isa = PBXBuildFile; fileRef = E8A16D8E41F3FB498440E8F7 /* Pods_Spotify.framework */; };
		755C35496DE17C6A323C2D46 /* RecommendedTrackCellViewModel.swift in Sources */ = {isa = PBXBuildFile; fileRef = ABAF5B926FBB795C403063D7 /* RecommendedTrackCellViewModel.swift */; };
		77427312894888C13BB52C30 /* FeaturedPlaylistCollectionViewCell.swift in Sources */ = {isa = PBXBuildFile; fileRef = 0BA9D9609B6A7782E1947D8E /* FeaturedPlaylistCollectionViewCell.swift */; };
		7D95527FF9C62F2633036E8D /* FeaturedPlaylistCellViewModel.swift in Sources */ = {isa = PBXBuildFile; fileRef = A312A789CBB7C56A6D497A09 /* FeaturedPlaylistCellViewModel.swift */; };
		9069EFB6F431164979D05E19 /* Album.swift in Sources */ = {isa = PBXBuildFile; fileRef = 0EB095981E2BE17F99A77AA2 /* Album.swift */; };
		9B21DC9E2C5024C800E2C520 /* AppDelegate.swift in Sources */ = {isa = PBXBuildFile; fileRef = 9B21DC9D2C5024C800E2C520 /* AppDelegate.swift */; };
		9B21DCA02C5024C800E2C520 /* SceneDelegate.swift in Sources */ = {isa = PBXBuildFile; fileRef = 9B21DC9F2C5024C800E2C520 /* SceneDelegate.swift */; };
		9B21DCA22C5024C800E2C520 /* HomeViewController.swift in Sources */ = {isa = PBXBuildFile; fileRef = 9B21DCA12C5024C800E2C520 /* HomeViewController.swift */; };
		9B21DCA72C5024C900E2C520 /* Assets.xcassets in Resources */ = {isa = PBXBuildFile; fileRef = 9B21DCA62C5024C900E2C520 /* Assets.xcassets */; };
		9B21DCAA2C5024C900E2C520 /* Base in Resources */ = {isa = PBXBuildFile; fileRef = 9B21DCA92C5024C900E2C520 /* Base */; };
		9B21DCB82C5028BD00E2C520 /* TabBarViewController.swift in Sources */ = {isa = PBXBuildFile; fileRef = 9B21DCB72C5028BD00E2C520 /* TabBarViewController.swift */; };
		9B21DCBA2C5028F500E2C520 /* SearchViewController.swift in Sources */ = {isa = PBXBuildFile; fileRef = 9B21DCB92C5028F500E2C520 /* SearchViewController.swift */; };
		9B21DCBC2C50291000E2C520 /* LibraryViewController.swift in Sources */ = {isa = PBXBuildFile; fileRef = 9B21DCBB2C50291000E2C520 /* LibraryViewController.swift */; };
		9B21DCC02C50296100E2C520 /* AuthViewController.swift in Sources */ = {isa = PBXBuildFile; fileRef = 9B21DCBF2C50296100E2C520 /* AuthViewController.swift */; };
		9B21DCC22C50297D00E2C520 /* WelcomeViewController.swift in Sources */ = {isa = PBXBuildFile; fileRef = 9B21DCC12C50297D00E2C520 /* WelcomeViewController.swift */; };
		9B21DCC42C5029A600E2C520 /* SettingsViewController.swift in Sources */ = {isa = PBXBuildFile; fileRef = 9B21DCC32C5029A600E2C520 /* SettingsViewController.swift */; };
		9B21DCC62C5029B000E2C520 /* ProfileViewController.swift in Sources */ = {isa = PBXBuildFile; fileRef = 9B21DCC52C5029B000E2C520 /* ProfileViewController.swift */; };
		9B21DCC82C5029CC00E2C520 /* PlayerViewController.swift in Sources */ = {isa = PBXBuildFile; fileRef = 9B21DCC72C5029CC00E2C520 /* PlayerViewController.swift */; };
		9B21DCCB2C5029F200E2C520 /* PlaylistViewController.swift in Sources */ = {isa = PBXBuildFile; fileRef = 9B21DCCA2C5029F200E2C520 /* PlaylistViewController.swift */; };
		9B21DCCD2C502A1200E2C520 /* SearchResultsViewController.swift in Sources */ = {isa = PBXBuildFile; fileRef = 9B21DCCC2C502A1200E2C520 /* SearchResultsViewController.swift */; };
		9B21DCCF2C502A5400E2C520 /* AuthManager.swift in Sources */ = {isa = PBXBuildFile; fileRef = 9B21DCCE2C502A5400E2C520 /* AuthManager.swift */; };
		9B21DCD12C502A8D00E2C520 /* APIManager.swift in Sources */ = {isa = PBXBuildFile; fileRef = 9B21DCD02C502A8D00E2C520 /* APIManager.swift */; };
		9B21DCD32C502A9800E2C520 /* HapticsManager.swift in Sources */ = {isa = PBXBuildFile; fileRef = 9B21DCD22C502A9800E2C520 /* HapticsManager.swift */; };
		9B21DCD72C502AF500E2C520 /* AudioTrack.swift in Sources */ = {isa = PBXBuildFile; fileRef = 9B21DCD62C502AF500E2C520 /* AudioTrack.swift */; };
		9B21DCD92C502AFE00E2C520 /* Artist.swift in Sources */ = {isa = PBXBuildFile; fileRef = 9B21DCD82C502AFE00E2C520 /* Artist.swift */; };
		9B21DCDB2C502B0F00E2C520 /* UserProfile.swift in Sources */ = {isa = PBXBuildFile; fileRef = 9B21DCDA2C502B0F00E2C520 /* UserProfile.swift */; };
		9B21DCDD2C51611200E2C520 /* Extensions.swift in Sources */ = {isa = PBXBuildFile; fileRef = 9B21DCDC2C51611200E2C520 /* Extensions.swift */; };
		9B21DCDF2C5299DE00E2C520 /* AuthResponse.swift in Sources */ = {isa = PBXBuildFile; fileRef = 9B21DCDE2C5299DE00E2C520 /* AuthResponse.swift */; };
		9B21DCE12C52AC5700E2C520 /* HttpMethod.swift in Sources */ = {isa = PBXBuildFile; fileRef = 9B21DCE02C52AC5700E2C520 /* HttpMethod.swift */; };
		9BCF76932C580C340007ACC4 /* NewReleasesResponse.swift in Sources */ = {isa = PBXBuildFile; fileRef = 9BCF76922C580C340007ACC4 /* NewReleasesResponse.swift */; };
		9BCF76952C590A420007ACC4 /* Image.swift in Sources */ = {isa = PBXBuildFile; fileRef = 9BCF76942C590A420007ACC4 /* Image.swift */; };
		9BCF76B72C63D88F0007ACC4 /* PlaylistHeaderCollectionReusableView.swift in Sources */ = {isa = PBXBuildFile; fileRef = 9BCF76B62C63D88F0007ACC4 /* PlaylistHeaderCollectionReusableView.swift */; };
		9BCF76B92C63DC800007ACC4 /* PlaylistHeaderViewModel.swift in Sources */ = {isa = PBXBuildFile; fileRef = 9BCF76B82C63DC800007ACC4 /* PlaylistHeaderViewModel.swift */; };
		9F6EE25D97EB0429393E9131 /* Track.swift in Sources */ = {isa = PBXBuildFile; fileRef = 98B7AB8E8EFA990944FCEAF3 /* Track.swift */; };
		9FE583369F4AAF5542E23543 /* FeaturedPlaylistsResponse.swift in Sources */ = {isa = PBXBuildFile; fileRef = BBB52DB45AF2408EBDA09DCF /* FeaturedPlaylistsResponse.swift */; };
		E302C3EA6AB9839EC50BFD1A /* .gitignore in Sources */ = {isa = PBXBuildFile; fileRef = FE625B0E322834AE7750DB39 /* .gitignore */; };
		FADFDACE1689BAE5004F53BD /* PlaylistDetail.swift in Sources */ = {isa = PBXBuildFile; fileRef = BA84BA31B62FCF3DE5A9B508 /* PlaylistDetail.swift */; };
/* End PBXBuildFile section */

/* Begin PBXFileReference section */
		0BA9D9609B6A7782E1947D8E /* FeaturedPlaylistCollectionViewCell.swift */ = {isa = PBXFileReference; includeInIndex = 1; lastKnownFileType = sourcecode.swift; path = FeaturedPlaylistCollectionViewCell.swift; sourceTree = "<group>"; };
		0EB095981E2BE17F99A77AA2 /* Album.swift */ = {isa = PBXFileReference; includeInIndex = 1; lastKnownFileType = sourcecode.swift; path = Album.swift; sourceTree = "<group>"; };
		194EE64AAC55F567A8D5F6BA /* NewReleasesCellViewModel.swift */ = {isa = PBXFileReference; includeInIndex = 1; lastKnownFileType = sourcecode.swift; path = NewReleasesCellViewModel.swift; sourceTree = "<group>"; };
		470E3DAAAED813F4FF43947A /* AlbumViewController.swift */ = {isa = PBXFileReference; includeInIndex = 1; lastKnownFileType = sourcecode.swift; path = AlbumViewController.swift; sourceTree = "<group>"; };
		4DA9B49031593F0CA9127419 /* Pods-Spotify.release.xcconfig */ = {isa = PBXFileReference; includeInIndex = 1; lastKnownFileType = text.xcconfig; name = "Pods-Spotify.release.xcconfig"; path = "Target Support Files/Pods-Spotify/Pods-Spotify.release.xcconfig"; sourceTree = "<group>"; };
		54FCA24B4101F3252F3C866E /* Playlist.swift */ = {isa = PBXFileReference; includeInIndex = 1; lastKnownFileType = sourcecode.swift; path = Playlist.swift; sourceTree = "<group>"; };
		98B7AB8E8EFA990944FCEAF3 /* Track.swift */ = {isa = PBXFileReference; includeInIndex = 1; lastKnownFileType = sourcecode.swift; path = Track.swift; sourceTree = "<group>"; };
		9B21DC9A2C5024C800E2C520 /* Spotify.app */ = {isa = PBXFileReference; explicitFileType = wrapper.application; includeInIndex = 0; path = Spotify.app; sourceTree = BUILT_PRODUCTS_DIR; };
		9B21DC9D2C5024C800E2C520 /* AppDelegate.swift */ = {isa = PBXFileReference; lastKnownFileType = sourcecode.swift; path = AppDelegate.swift; sourceTree = "<group>"; };
		9B21DC9F2C5024C800E2C520 /* SceneDelegate.swift */ = {isa = PBXFileReference; lastKnownFileType = sourcecode.swift; path = SceneDelegate.swift; sourceTree = "<group>"; };
		9B21DCA12C5024C800E2C520 /* HomeViewController.swift */ = {isa = PBXFileReference; lastKnownFileType = sourcecode.swift; path = HomeViewController.swift; sourceTree = "<group>"; };
		9B21DCA62C5024C900E2C520 /* Assets.xcassets */ = {isa = PBXFileReference; lastKnownFileType = folder.assetcatalog; path = Assets.xcassets; sourceTree = "<group>"; };
		9B21DCA92C5024C900E2C520 /* Base */ = {isa = PBXFileReference; lastKnownFileType = file.storyboard; name = Base; path = Base.lproj/LaunchScreen.storyboard; sourceTree = "<group>"; };
		9B21DCAB2C5024C900E2C520 /* Info.plist */ = {isa = PBXFileReference; lastKnownFileType = text.plist.xml; path = Info.plist; sourceTree = "<group>"; };
		9B21DCB72C5028BD00E2C520 /* TabBarViewController.swift */ = {isa = PBXFileReference; lastKnownFileType = sourcecode.swift; path = TabBarViewController.swift; sourceTree = "<group>"; };
		9B21DCB92C5028F500E2C520 /* SearchViewController.swift */ = {isa = PBXFileReference; lastKnownFileType = sourcecode.swift; path = SearchViewController.swift; sourceTree = "<group>"; };
		9B21DCBB2C50291000E2C520 /* LibraryViewController.swift */ = {isa = PBXFileReference; lastKnownFileType = sourcecode.swift; path = LibraryViewController.swift; sourceTree = "<group>"; };
		9B21DCBF2C50296100E2C520 /* AuthViewController.swift */ = {isa = PBXFileReference; lastKnownFileType = sourcecode.swift; path = AuthViewController.swift; sourceTree = "<group>"; };
		9B21DCC12C50297D00E2C520 /* WelcomeViewController.swift */ = {isa = PBXFileReference; lastKnownFileType = sourcecode.swift; path = WelcomeViewController.swift; sourceTree = "<group>"; };
		9B21DCC32C5029A600E2C520 /* SettingsViewController.swift */ = {isa = PBXFileReference; lastKnownFileType = sourcecode.swift; path = SettingsViewController.swift; sourceTree = "<group>"; };
		9B21DCC52C5029B000E2C520 /* ProfileViewController.swift */ = {isa = PBXFileReference; lastKnownFileType = sourcecode.swift; path = ProfileViewController.swift; sourceTree = "<group>"; };
		9B21DCC72C5029CC00E2C520 /* PlayerViewController.swift */ = {isa = PBXFileReference; lastKnownFileType = sourcecode.swift; path = PlayerViewController.swift; sourceTree = "<group>"; };
		9B21DCCA2C5029F200E2C520 /* PlaylistViewController.swift */ = {isa = PBXFileReference; lastKnownFileType = sourcecode.swift; path = PlaylistViewController.swift; sourceTree = "<group>"; };
		9B21DCCC2C502A1200E2C520 /* SearchResultsViewController.swift */ = {isa = PBXFileReference; lastKnownFileType = sourcecode.swift; path = SearchResultsViewController.swift; sourceTree = "<group>"; };
		9B21DCCE2C502A5400E2C520 /* AuthManager.swift */ = {isa = PBXFileReference; lastKnownFileType = sourcecode.swift; path = AuthManager.swift; sourceTree = "<group>"; };
		9B21DCD02C502A8D00E2C520 /* APIManager.swift */ = {isa = PBXFileReference; lastKnownFileType = sourcecode.swift; path = APIManager.swift; sourceTree = "<group>"; };
		9B21DCD22C502A9800E2C520 /* HapticsManager.swift */ = {isa = PBXFileReference; lastKnownFileType = sourcecode.swift; path = HapticsManager.swift; sourceTree = "<group>"; };
		9B21DCD62C502AF500E2C520 /* AudioTrack.swift */ = {isa = PBXFileReference; lastKnownFileType = sourcecode.swift; path = AudioTrack.swift; sourceTree = "<group>"; };
		9B21DCD82C502AFE00E2C520 /* Artist.swift */ = {isa = PBXFileReference; lastKnownFileType = sourcecode.swift; path = Artist.swift; sourceTree = "<group>"; };
		9B21DCDA2C502B0F00E2C520 /* UserProfile.swift */ = {isa = PBXFileReference; lastKnownFileType = sourcecode.swift; path = UserProfile.swift; sourceTree = "<group>"; };
		9B21DCDC2C51611200E2C520 /* Extensions.swift */ = {isa = PBXFileReference; lastKnownFileType = sourcecode.swift; path = Extensions.swift; sourceTree = "<group>"; };
		9B21DCDE2C5299DE00E2C520 /* AuthResponse.swift */ = {isa = PBXFileReference; lastKnownFileType = sourcecode.swift; path = AuthResponse.swift; sourceTree = "<group>"; };
		9B21DCE02C52AC5700E2C520 /* HttpMethod.swift */ = {isa = PBXFileReference; lastKnownFileType = sourcecode.swift; path = HttpMethod.swift; sourceTree = "<group>"; };
		9BCF76922C580C340007ACC4 /* NewReleasesResponse.swift */ = {isa = PBXFileReference; lastKnownFileType = sourcecode.swift; path = NewReleasesResponse.swift; sourceTree = "<group>"; };
		9BCF76942C590A420007ACC4 /* Image.swift */ = {isa = PBXFileReference; lastKnownFileType = sourcecode.swift; path = Image.swift; sourceTree = "<group>"; };
		9BCF76B62C63D88F0007ACC4 /* PlaylistHeaderCollectionReusableView.swift */ = {isa = PBXFileReference; lastKnownFileType = sourcecode.swift; path = PlaylistHeaderCollectionReusableView.swift; sourceTree = "<group>"; };
		9BCF76B82C63DC800007ACC4 /* PlaylistHeaderViewModel.swift */ = {isa = PBXFileReference; lastKnownFileType = sourcecode.swift; path = PlaylistHeaderViewModel.swift; sourceTree = "<group>"; };
		A312A789CBB7C56A6D497A09 /* FeaturedPlaylistCellViewModel.swift */ = {isa = PBXFileReference; includeInIndex = 1; lastKnownFileType = sourcecode.swift; path = FeaturedPlaylistCellViewModel.swift; sourceTree = "<group>"; };
		ABAF5B926FBB795C403063D7 /* RecommendedTrackCellViewModel.swift */ = {isa = PBXFileReference; includeInIndex = 1; lastKnownFileType = sourcecode.swift; path = RecommendedTrackCellViewModel.swift; sourceTree = "<group>"; };
		B86FBCBC17FD1FC430F17467 /* NewReleaseCollectionViewCell.swift */ = {isa = PBXFileReference; includeInIndex = 1; lastKnownFileType = sourcecode.swift; path = NewReleaseCollectionViewCell.swift; sourceTree = "<group>"; };
		BA84BA31B62FCF3DE5A9B508 /* PlaylistDetail.swift */ = {isa = PBXFileReference; includeInIndex = 1; lastKnownFileType = sourcecode.swift; path = PlaylistDetail.swift; sourceTree = "<group>"; };
		BBB52DB45AF2408EBDA09DCF /* FeaturedPlaylistsResponse.swift */ = {isa = PBXFileReference; includeInIndex = 1; lastKnownFileType = sourcecode.swift; path = FeaturedPlaylistsResponse.swift; sourceTree = "<group>"; };
		D5E4F257684C1B059F5D073D /* GetRrecommendationsResponse.swift */ = {isa = PBXFileReference; includeInIndex = 1; lastKnownFileType = sourcecode.swift; path = GetRrecommendationsResponse.swift; sourceTree = "<group>"; };
		DE0F8EB502899DA33E308ECE /* RecommendedTrackCollectionViewCell.swift */ = {isa = PBXFileReference; includeInIndex = 1; lastKnownFileType = sourcecode.swift; path = RecommendedTrackCollectionViewCell.swift; sourceTree = "<group>"; };
		E74F4666242E810A58AFD9D5 /* Pods-Spotify.debug.xcconfig */ = {isa = PBXFileReference; includeInIndex = 1; lastKnownFileType = text.xcconfig; name = "Pods-Spotify.debug.xcconfig"; path = "Target Support Files/Pods-Spotify/Pods-Spotify.debug.xcconfig"; sourceTree = "<group>"; };
		E8A16D8E41F3FB498440E8F7 /* Pods_Spotify.framework */ = {isa = PBXFileReference; explicitFileType = wrapper.framework; includeInIndex = 0; path = Pods_Spotify.framework; sourceTree = BUILT_PRODUCTS_DIR; };
		FE625B0E322834AE7750DB39 /* .gitignore */ = {isa = PBXFileReference; includeInIndex = 1; lastKnownFileType = text; path = .gitignore; sourceTree = "<group>"; };
/* End PBXFileReference section */

/* Begin PBXFrameworksBuildPhase section */
		9B21DC972C5024C800E2C520 /* Frameworks */ = {
			isa = PBXFrameworksBuildPhase;
			buildActionMask = 2147483647;
			files = (
				5AD37C88906363D8C8AE626E /* Pods_Spotify.framework in Frameworks */,
			);
			runOnlyForDeploymentPostprocessing = 0;
		};
/* End PBXFrameworksBuildPhase section */

/* Begin PBXGroup section */
		01A8B2B7634D2F06301C7F04 /* Pods */ = {
			isa = PBXGroup;
			children = (
				E74F4666242E810A58AFD9D5 /* Pods-Spotify.debug.xcconfig */,
				4DA9B49031593F0CA9127419 /* Pods-Spotify.release.xcconfig */,
			);
			path = Pods;
			sourceTree = "<group>";
		};
		19B61878E9B911E0D00B5136 /* Frameworks */ = {
			isa = PBXGroup;
			children = (
				E8A16D8E41F3FB498440E8F7 /* Pods_Spotify.framework */,
			);
			name = Frameworks;
			sourceTree = "<group>";
		};
		9B21DC912C5024C800E2C520 = {
			isa = PBXGroup;
			children = (
				9B21DC9C2C5024C800E2C520 /* Spotify */,
				9B21DC9B2C5024C800E2C520 /* Products */,
				01A8B2B7634D2F06301C7F04 /* Pods */,
				19B61878E9B911E0D00B5136 /* Frameworks */,
			);
			sourceTree = "<group>";
		};
		9B21DC9B2C5024C800E2C520 /* Products */ = {
			isa = PBXGroup;
			children = (
				9B21DC9A2C5024C800E2C520 /* Spotify.app */,
				FE625B0E322834AE7750DB39 /* .gitignore */,
			);
			name = Products;
			sourceTree = "<group>";
		};
		9B21DC9C2C5024C800E2C520 /* Spotify */ = {
			isa = PBXGroup;
			children = (
				9B21DCB62C50257500E2C520 /* Resources */,
				9B21DCB52C50255F00E2C520 /* Managers */,
				9B21DCB42C50255700E2C520 /* ViewModels */,
				9B21DCB32C50254D00E2C520 /* Models */,
				9B21DCB22C50254300E2C520 /* View */,
				9B21DCB12C50253400E2C520 /* Controllers */,
				9B21DCAB2C5024C900E2C520 /* Info.plist */,
			);
			path = Spotify;
			sourceTree = "<group>";
		};
		9B21DCB12C50253400E2C520 /* Controllers */ = {
			isa = PBXGroup;
			children = (
				9B21DCBE2C50295700E2C520 /* Other */,
				9B21DCBD2C50293300E2C520 /* Core */,
				9B21DCB72C5028BD00E2C520 /* TabBarViewController.swift */,
			);
			path = Controllers;
			sourceTree = "<group>";
		};
		9B21DCB22C50254300E2C520 /* View */ = {
			isa = PBXGroup;
			children = (
				9B21DCA82C5024C900E2C520 /* LaunchScreen.storyboard */,
				DDE7A17B325B08FE491DC090 /* Browse */,
				9BCF76B62C63D88F0007ACC4 /* PlaylistHeaderCollectionReusableView.swift */,
			);
			path = View;
			sourceTree = "<group>";
		};
		9B21DCB32C50254D00E2C520 /* Models */ = {
			isa = PBXGroup;
			children = (
				9B21DCD62C502AF500E2C520 /* AudioTrack.swift */,
				9B21DCD82C502AFE00E2C520 /* Artist.swift */,
				9B21DCDA2C502B0F00E2C520 /* UserProfile.swift */,
				9B21DCDE2C5299DE00E2C520 /* AuthResponse.swift */,
				9B21DCE02C52AC5700E2C520 /* HttpMethod.swift */,
				9BCF76922C580C340007ACC4 /* NewReleasesResponse.swift */,
				9BCF76942C590A420007ACC4 /* Image.swift */,
				54FCA24B4101F3252F3C866E /* Playlist.swift */,
				98B7AB8E8EFA990944FCEAF3 /* Track.swift */,
				BBB52DB45AF2408EBDA09DCF /* FeaturedPlaylistsResponse.swift */,
				D5E4F257684C1B059F5D073D /* GetRrecommendationsResponse.swift */,
				0EB095981E2BE17F99A77AA2 /* Album.swift */,
				BA84BA31B62FCF3DE5A9B508 /* PlaylistDetail.swift */,
			);
			path = Models;
			sourceTree = "<group>";
		};
		9B21DCB42C50255700E2C520 /* ViewModels */ = {
			isa = PBXGroup;
			children = (
				194EE64AAC55F567A8D5F6BA /* NewReleasesCellViewModel.swift */,
				A312A789CBB7C56A6D497A09 /* FeaturedPlaylistCellViewModel.swift */,
				ABAF5B926FBB795C403063D7 /* RecommendedTrackCellViewModel.swift */,
				9BCF76B82C63DC800007ACC4 /* PlaylistHeaderViewModel.swift */,
			);
			path = ViewModels;
			sourceTree = "<group>";
		};
		9B21DCB52C50255F00E2C520 /* Managers */ = {
			isa = PBXGroup;
			children = (
				9B21DCCE2C502A5400E2C520 /* AuthManager.swift */,
				9B21DCD02C502A8D00E2C520 /* APIManager.swift */,
				9B21DCD22C502A9800E2C520 /* HapticsManager.swift */,
			);
			path = Managers;
			sourceTree = "<group>";
		};
		9B21DCB62C50257500E2C520 /* Resources */ = {
			isa = PBXGroup;
			children = (
				9B21DCA62C5024C900E2C520 /* Assets.xcassets */,
				9B21DC9D2C5024C800E2C520 /* AppDelegate.swift */,
				9B21DC9F2C5024C800E2C520 /* SceneDelegate.swift */,
				9B21DCDC2C51611200E2C520 /* Extensions.swift */,
			);
			path = Resources;
			sourceTree = "<group>";
		};
		9B21DCBD2C50293300E2C520 /* Core */ = {
			isa = PBXGroup;
			children = (
				9B21DCA12C5024C800E2C520 /* HomeViewController.swift */,
				9B21DCB92C5028F500E2C520 /* SearchViewController.swift */,
				9B21DCBB2C50291000E2C520 /* LibraryViewController.swift */,
			);
			path = Core;
			sourceTree = "<group>";
		};
		9B21DCBE2C50295700E2C520 /* Other */ = {
			isa = PBXGroup;
			children = (
				9B21DCBF2C50296100E2C520 /* AuthViewController.swift */,
				9B21DCC12C50297D00E2C520 /* WelcomeViewController.swift */,
				9B21DCC32C5029A600E2C520 /* SettingsViewController.swift */,
				9B21DCC52C5029B000E2C520 /* ProfileViewController.swift */,
				9B21DCC72C5029CC00E2C520 /* PlayerViewController.swift */,
				9B21DCCA2C5029F200E2C520 /* PlaylistViewController.swift */,
				9B21DCCC2C502A1200E2C520 /* SearchResultsViewController.swift */,
				470E3DAAAED813F4FF43947A /* AlbumViewController.swift */,
			);
			path = Other;
			sourceTree = "<group>";
		};
		DDE7A17B325B08FE491DC090 /* Browse */ = {
			isa = PBXGroup;
			children = (
				B86FBCBC17FD1FC430F17467 /* NewReleaseCollectionViewCell.swift */,
				0BA9D9609B6A7782E1947D8E /* FeaturedPlaylistCollectionViewCell.swift */,
				DE0F8EB502899DA33E308ECE /* RecommendedTrackCollectionViewCell.swift */,
			);
			path = Browse;
			sourceTree = "<group>";
		};
/* End PBXGroup section */

/* Begin PBXNativeTarget section */
		9B21DC992C5024C800E2C520 /* Spotify */ = {
			isa = PBXNativeTarget;
			buildConfigurationList = 9B21DCAE2C5024C900E2C520 /* Build configuration list for PBXNativeTarget "Spotify" */;
			buildPhases = (
				43796E6AA2D894655656C0E6 /* [CP] Check Pods Manifest.lock */,
				9B21DC962C5024C800E2C520 /* Sources */,
				9B21DC972C5024C800E2C520 /* Frameworks */,
				9B21DC982C5024C800E2C520 /* Resources */,
				741AAD209B9ACE0D7481AC52 /* [CP] Embed Pods Frameworks */,
			);
			buildRules = (
			);
			dependencies = (
			);
			name = Spotify;
			productName = Spotify;
			productReference = 9B21DC9A2C5024C800E2C520 /* Spotify.app */;
			productType = "com.apple.product-type.application";
		};
/* End PBXNativeTarget section */

/* Begin PBXProject section */
		9B21DC922C5024C800E2C520 /* Project object */ = {
			isa = PBXProject;
			attributes = {
				BuildIndependentTargetsInParallel = 1;
				LastSwiftUpdateCheck = 1540;
				LastUpgradeCheck = 1540;
				TargetAttributes = {
					9B21DC992C5024C800E2C520 = {
						CreatedOnToolsVersion = 15.4;
					};
				};
			};
			buildConfigurationList = 9B21DC952C5024C800E2C520 /* Build configuration list for PBXProject "Spotify" */;
			compatibilityVersion = "Xcode 14.0";
			developmentRegion = en;
			hasScannedForEncodings = 0;
			knownRegions = (
				en,
				Base,
			);
			mainGroup = 9B21DC912C5024C800E2C520;
			productRefGroup = 9B21DC9B2C5024C800E2C520 /* Products */;
			projectDirPath = "";
			projectRoot = "";
			targets = (
				9B21DC992C5024C800E2C520 /* Spotify */,
			);
		};
/* End PBXProject section */

/* Begin PBXResourcesBuildPhase section */
		9B21DC982C5024C800E2C520 /* Resources */ = {
			isa = PBXResourcesBuildPhase;
			buildActionMask = 2147483647;
			files = (
				9B21DCA72C5024C900E2C520 /* Assets.xcassets in Resources */,
				9B21DCAA2C5024C900E2C520 /* Base in Resources */,
			);
			runOnlyForDeploymentPostprocessing = 0;
		};
/* End PBXResourcesBuildPhase section */

/* Begin PBXShellScriptBuildPhase section */
		43796E6AA2D894655656C0E6 /* [CP] Check Pods Manifest.lock */ = {
			isa = PBXShellScriptBuildPhase;
			buildActionMask = 2147483647;
			files = (
			);
			inputFileListPaths = (
			);
			inputPaths = (
				"${PODS_PODFILE_DIR_PATH}/Podfile.lock",
				"${PODS_ROOT}/Manifest.lock",
			);
			name = "[CP] Check Pods Manifest.lock";
			outputFileListPaths = (
			);
			outputPaths = (
				"$(DERIVED_FILE_DIR)/Pods-Spotify-checkManifestLockResult.txt",
			);
			runOnlyForDeploymentPostprocessing = 0;
			shellPath = /bin/sh;
			shellScript = "diff \"${PODS_PODFILE_DIR_PATH}/Podfile.lock\" \"${PODS_ROOT}/Manifest.lock\" > /dev/null\nif [ $? != 0 ] ; then\n    # print error to STDERR\n    echo \"error: The sandbox is not in sync with the Podfile.lock. Run 'pod install' or update your CocoaPods installation.\" >&2\n    exit 1\nfi\n# This output is used by Xcode 'outputs' to avoid re-running this script phase.\necho \"SUCCESS\" > \"${SCRIPT_OUTPUT_FILE_0}\"\n";
			showEnvVarsInLog = 0;
		};
		741AAD209B9ACE0D7481AC52 /* [CP] Embed Pods Frameworks */ = {
			isa = PBXShellScriptBuildPhase;
			buildActionMask = 2147483647;
			files = (
			);
			inputFileListPaths = (
				"${PODS_ROOT}/Target Support Files/Pods-Spotify/Pods-Spotify-frameworks-${CONFIGURATION}-input-files.xcfilelist",
			);
			name = "[CP] Embed Pods Frameworks";
			outputFileListPaths = (
				"${PODS_ROOT}/Target Support Files/Pods-Spotify/Pods-Spotify-frameworks-${CONFIGURATION}-output-files.xcfilelist",
			);
			runOnlyForDeploymentPostprocessing = 0;
			shellPath = /bin/sh;
			shellScript = "\"${PODS_ROOT}/Target Support Files/Pods-Spotify/Pods-Spotify-frameworks.sh\"\n";
			showEnvVarsInLog = 0;
		};
/* End PBXShellScriptBuildPhase section */

/* Begin PBXSourcesBuildPhase section */
		9B21DC962C5024C800E2C520 /* Sources */ = {
			isa = PBXSourcesBuildPhase;
			buildActionMask = 2147483647;
			files = (
				9B21DCBA2C5028F500E2C520 /* SearchViewController.swift in Sources */,
				9B21DCCF2C502A5400E2C520 /* AuthManager.swift in Sources */,
				9B21DCCD2C502A1200E2C520 /* SearchResultsViewController.swift in Sources */,
				9B21DCC22C50297D00E2C520 /* WelcomeViewController.swift in Sources */,
				9B21DCC62C5029B000E2C520 /* ProfileViewController.swift in Sources */,
				9B21DCB82C5028BD00E2C520 /* TabBarViewController.swift in Sources */,
				9B21DCD32C502A9800E2C520 /* HapticsManager.swift in Sources */,
				9B21DCDF2C5299DE00E2C520 /* AuthResponse.swift in Sources */,
				9BCF76932C580C340007ACC4 /* NewReleasesResponse.swift in Sources */,
				9B21DCD72C502AF500E2C520 /* AudioTrack.swift in Sources */,
				9B21DCA22C5024C800E2C520 /* HomeViewController.swift in Sources */,
				9B21DCC02C50296100E2C520 /* AuthViewController.swift in Sources */,
				9B21DC9E2C5024C800E2C520 /* AppDelegate.swift in Sources */,
				9B21DCDB2C502B0F00E2C520 /* UserProfile.swift in Sources */,
				9B21DCDD2C51611200E2C520 /* Extensions.swift in Sources */,
				9B21DCBC2C50291000E2C520 /* LibraryViewController.swift in Sources */,
				9B21DCD92C502AFE00E2C520 /* Artist.swift in Sources */,
				9B21DCE12C52AC5700E2C520 /* HttpMethod.swift in Sources */,
				9B21DCCB2C5029F200E2C520 /* PlaylistViewController.swift in Sources */,
				9B21DCA02C5024C800E2C520 /* SceneDelegate.swift in Sources */,
				9B21DCD12C502A8D00E2C520 /* APIManager.swift in Sources */,
				9B21DCC82C5029CC00E2C520 /* PlayerViewController.swift in Sources */,
				9B21DCC42C5029A600E2C520 /* SettingsViewController.swift in Sources */,
				9BCF76B72C63D88F0007ACC4 /* PlaylistHeaderCollectionReusableView.swift in Sources */,
				9BCF76952C590A420007ACC4 /* Image.swift in Sources */,
				E302C3EA6AB9839EC50BFD1A /* .gitignore in Sources */,
				456DA255EFC8C0DBFF6BBBDD /* Playlist.swift in Sources */,
				9F6EE25D97EB0429393E9131 /* Track.swift in Sources */,
				0CE5A0BD3AEEF1551DAF72EF /* NewReleaseCollectionViewCell.swift in Sources */,
				3A8F1E1A853BADBFC779FBAE /* NewReleasesCellViewModel.swift in Sources */,
				77427312894888C13BB52C30 /* FeaturedPlaylistCollectionViewCell.swift in Sources */,
				9BCF76B92C63DC800007ACC4 /* PlaylistHeaderViewModel.swift in Sources */,
				1A5CF086B281BBAFEF2CC320 /* RecommendedTrackCollectionViewCell.swift in Sources */,
				9FE583369F4AAF5542E23543 /* FeaturedPlaylistsResponse.swift in Sources */,
				4DF6D48B78279A9076266180 /* GetRrecommendationsResponse.swift in Sources */,
				9069EFB6F431164979D05E19 /* Album.swift in Sources */,
				7D95527FF9C62F2633036E8D /* FeaturedPlaylistCellViewModel.swift in Sources */,
				755C35496DE17C6A323C2D46 /* RecommendedTrackCellViewModel.swift in Sources */,
				461EC352FDE1C52B22AF09DF /* AlbumViewController.swift in Sources */,
				FADFDACE1689BAE5004F53BD /* PlaylistDetail.swift in Sources */,
			);
			runOnlyForDeploymentPostprocessing = 0;
		};
/* End PBXSourcesBuildPhase section */

/* Begin PBXVariantGroup section */
		9B21DCA82C5024C900E2C520 /* LaunchScreen.storyboard */ = {
			isa = PBXVariantGroup;
			children = (
				9B21DCA92C5024C900E2C520 /* Base */,
			);
			name = LaunchScreen.storyboard;
			sourceTree = "<group>";
		};
/* End PBXVariantGroup section */

/* Begin XCBuildConfiguration section */
		9B21DCAC2C5024C900E2C520 /* Debug */ = {
			isa = XCBuildConfiguration;
			buildSettings = {
				ALWAYS_SEARCH_USER_PATHS = NO;
				ASSETCATALOG_COMPILER_GENERATE_SWIFT_ASSET_SYMBOL_EXTENSIONS = YES;
				CLANG_ANALYZER_NONNULL = YES;
				CLANG_ANALYZER_NUMBER_OBJECT_CONVERSION = YES_AGGRESSIVE;
				CLANG_CXX_LANGUAGE_STANDARD = "gnu++20";
				CLANG_ENABLE_MODULES = YES;
				CLANG_ENABLE_OBJC_ARC = YES;
				CLANG_ENABLE_OBJC_WEAK = YES;
				CLANG_WARN_BLOCK_CAPTURE_AUTORELEASING = YES;
				CLANG_WARN_BOOL_CONVERSION = YES;
				CLANG_WARN_COMMA = YES;
				CLANG_WARN_CONSTANT_CONVERSION = YES;
				CLANG_WARN_DEPRECATED_OBJC_IMPLEMENTATIONS = YES;
				CLANG_WARN_DIRECT_OBJC_ISA_USAGE = YES_ERROR;
				CLANG_WARN_DOCUMENTATION_COMMENTS = YES;
				CLANG_WARN_EMPTY_BODY = YES;
				CLANG_WARN_ENUM_CONVERSION = YES;
				CLANG_WARN_INFINITE_RECURSION = YES;
				CLANG_WARN_INT_CONVERSION = YES;
				CLANG_WARN_NON_LITERAL_NULL_CONVERSION = YES;
				CLANG_WARN_OBJC_IMPLICIT_RETAIN_SELF = YES;
				CLANG_WARN_OBJC_LITERAL_CONVERSION = YES;
				CLANG_WARN_OBJC_ROOT_CLASS = YES_ERROR;
				CLANG_WARN_QUOTED_INCLUDE_IN_FRAMEWORK_HEADER = YES;
				CLANG_WARN_RANGE_LOOP_ANALYSIS = YES;
				CLANG_WARN_STRICT_PROTOTYPES = YES;
				CLANG_WARN_SUSPICIOUS_MOVE = YES;
				CLANG_WARN_UNGUARDED_AVAILABILITY = YES_AGGRESSIVE;
				CLANG_WARN_UNREACHABLE_CODE = YES;
				CLANG_WARN__DUPLICATE_METHOD_MATCH = YES;
				COPY_PHASE_STRIP = NO;
				DEBUG_INFORMATION_FORMAT = dwarf;
				ENABLE_STRICT_OBJC_MSGSEND = YES;
				ENABLE_TESTABILITY = YES;
				ENABLE_USER_SCRIPT_SANDBOXING = YES;
				GCC_C_LANGUAGE_STANDARD = gnu17;
				GCC_DYNAMIC_NO_PIC = NO;
				GCC_NO_COMMON_BLOCKS = YES;
				GCC_OPTIMIZATION_LEVEL = 0;
				GCC_PREPROCESSOR_DEFINITIONS = (
					"DEBUG=1",
					"$(inherited)",
				);
				GCC_WARN_64_TO_32_BIT_CONVERSION = YES;
				GCC_WARN_ABOUT_RETURN_TYPE = YES_ERROR;
				GCC_WARN_UNDECLARED_SELECTOR = YES;
				GCC_WARN_UNINITIALIZED_AUTOS = YES_AGGRESSIVE;
				GCC_WARN_UNUSED_FUNCTION = YES;
				GCC_WARN_UNUSED_VARIABLE = YES;
				IPHONEOS_DEPLOYMENT_TARGET = 17.5;
				LOCALIZATION_PREFERS_STRING_CATALOGS = YES;
				MTL_ENABLE_DEBUG_INFO = INCLUDE_SOURCE;
				MTL_FAST_MATH = YES;
				ONLY_ACTIVE_ARCH = YES;
				SDKROOT = iphoneos;
				SWIFT_ACTIVE_COMPILATION_CONDITIONS = "DEBUG $(inherited)";
				SWIFT_OPTIMIZATION_LEVEL = "-Onone";
			};
			name = Debug;
		};
		9B21DCAD2C5024C900E2C520 /* Release */ = {
			isa = XCBuildConfiguration;
			buildSettings = {
				ALWAYS_SEARCH_USER_PATHS = NO;
				ASSETCATALOG_COMPILER_GENERATE_SWIFT_ASSET_SYMBOL_EXTENSIONS = YES;
				CLANG_ANALYZER_NONNULL = YES;
				CLANG_ANALYZER_NUMBER_OBJECT_CONVERSION = YES_AGGRESSIVE;
				CLANG_CXX_LANGUAGE_STANDARD = "gnu++20";
				CLANG_ENABLE_MODULES = YES;
				CLANG_ENABLE_OBJC_ARC = YES;
				CLANG_ENABLE_OBJC_WEAK = YES;
				CLANG_WARN_BLOCK_CAPTURE_AUTORELEASING = YES;
				CLANG_WARN_BOOL_CONVERSION = YES;
				CLANG_WARN_COMMA = YES;
				CLANG_WARN_CONSTANT_CONVERSION = YES;
				CLANG_WARN_DEPRECATED_OBJC_IMPLEMENTATIONS = YES;
				CLANG_WARN_DIRECT_OBJC_ISA_USAGE = YES_ERROR;
				CLANG_WARN_DOCUMENTATION_COMMENTS = YES;
				CLANG_WARN_EMPTY_BODY = YES;
				CLANG_WARN_ENUM_CONVERSION = YES;
				CLANG_WARN_INFINITE_RECURSION = YES;
				CLANG_WARN_INT_CONVERSION = YES;
				CLANG_WARN_NON_LITERAL_NULL_CONVERSION = YES;
				CLANG_WARN_OBJC_IMPLICIT_RETAIN_SELF = YES;
				CLANG_WARN_OBJC_LITERAL_CONVERSION = YES;
				CLANG_WARN_OBJC_ROOT_CLASS = YES_ERROR;
				CLANG_WARN_QUOTED_INCLUDE_IN_FRAMEWORK_HEADER = YES;
				CLANG_WARN_RANGE_LOOP_ANALYSIS = YES;
				CLANG_WARN_STRICT_PROTOTYPES = YES;
				CLANG_WARN_SUSPICIOUS_MOVE = YES;
				CLANG_WARN_UNGUARDED_AVAILABILITY = YES_AGGRESSIVE;
				CLANG_WARN_UNREACHABLE_CODE = YES;
				CLANG_WARN__DUPLICATE_METHOD_MATCH = YES;
				COPY_PHASE_STRIP = NO;
				DEBUG_INFORMATION_FORMAT = "dwarf-with-dsym";
				ENABLE_NS_ASSERTIONS = NO;
				ENABLE_STRICT_OBJC_MSGSEND = YES;
				ENABLE_USER_SCRIPT_SANDBOXING = YES;
				GCC_C_LANGUAGE_STANDARD = gnu17;
				GCC_NO_COMMON_BLOCKS = YES;
				GCC_WARN_64_TO_32_BIT_CONVERSION = YES;
				GCC_WARN_ABOUT_RETURN_TYPE = YES_ERROR;
				GCC_WARN_UNDECLARED_SELECTOR = YES;
				GCC_WARN_UNINITIALIZED_AUTOS = YES_AGGRESSIVE;
				GCC_WARN_UNUSED_FUNCTION = YES;
				GCC_WARN_UNUSED_VARIABLE = YES;
				IPHONEOS_DEPLOYMENT_TARGET = 17.5;
				LOCALIZATION_PREFERS_STRING_CATALOGS = YES;
				MTL_ENABLE_DEBUG_INFO = NO;
				MTL_FAST_MATH = YES;
				SDKROOT = iphoneos;
				SWIFT_COMPILATION_MODE = wholemodule;
				VALIDATE_PRODUCT = YES;
			};
			name = Release;
		};
		9B21DCAF2C5024C900E2C520 /* Debug */ = {
			isa = XCBuildConfiguration;
			baseConfigurationReference = E74F4666242E810A58AFD9D5 /* Pods-Spotify.debug.xcconfig */;
			buildSettings = {
				ASSETCATALOG_COMPILER_APPICON_NAME = AppIcon;
				ASSETCATALOG_COMPILER_GLOBAL_ACCENT_COLOR_NAME = AccentColor;
				CODE_SIGN_STYLE = Automatic;
				CURRENT_PROJECT_VERSION = 1;
				DEVELOPMENT_TEAM = K54664Z736;
				ENABLE_USER_SCRIPT_SANDBOXING = NO;
				GENERATE_INFOPLIST_FILE = YES;
				INFOPLIST_FILE = Spotify/Info.plist;
				INFOPLIST_KEY_UIApplicationSupportsIndirectInputEvents = YES;
				INFOPLIST_KEY_UILaunchStoryboardName = LaunchScreen;
				INFOPLIST_KEY_UISupportedInterfaceOrientations_iPad = "UIInterfaceOrientationPortrait UIInterfaceOrientationPortraitUpsideDown UIInterfaceOrientationLandscapeLeft UIInterfaceOrientationLandscapeRight";
				INFOPLIST_KEY_UISupportedInterfaceOrientations_iPhone = "UIInterfaceOrientationPortrait UIInterfaceOrientationLandscapeLeft UIInterfaceOrientationLandscapeRight";
				LD_RUNPATH_SEARCH_PATHS = (
					"$(inherited)",
					"@executable_path/Frameworks",
				);
				MARKETING_VERSION = 1.0;
				PRODUCT_BUNDLE_IDENTIFIER = itsramiel.Spotify;
				PRODUCT_NAME = "$(TARGET_NAME)";
				SWIFT_EMIT_LOC_STRINGS = YES;
				SWIFT_VERSION = 5.0;
				TARGETED_DEVICE_FAMILY = "1,2";
			};
			name = Debug;
		};
		9B21DCB02C5024C900E2C520 /* Release */ = {
			isa = XCBuildConfiguration;
			baseConfigurationReference = 4DA9B49031593F0CA9127419 /* Pods-Spotify.release.xcconfig */;
			buildSettings = {
				ASSETCATALOG_COMPILER_APPICON_NAME = AppIcon;
				ASSETCATALOG_COMPILER_GLOBAL_ACCENT_COLOR_NAME = AccentColor;
				CODE_SIGN_STYLE = Automatic;
				CURRENT_PROJECT_VERSION = 1;
				DEVELOPMENT_TEAM = K54664Z736;
				ENABLE_USER_SCRIPT_SANDBOXING = NO;
				GENERATE_INFOPLIST_FILE = YES;
				INFOPLIST_FILE = Spotify/Info.plist;
				INFOPLIST_KEY_UIApplicationSupportsIndirectInputEvents = YES;
				INFOPLIST_KEY_UILaunchStoryboardName = LaunchScreen;
				INFOPLIST_KEY_UISupportedInterfaceOrientations_iPad = "UIInterfaceOrientationPortrait UIInterfaceOrientationPortraitUpsideDown UIInterfaceOrientationLandscapeLeft UIInterfaceOrientationLandscapeRight";
				INFOPLIST_KEY_UISupportedInterfaceOrientations_iPhone = "UIInterfaceOrientationPortrait UIInterfaceOrientationLandscapeLeft UIInterfaceOrientationLandscapeRight";
				LD_RUNPATH_SEARCH_PATHS = (
					"$(inherited)",
					"@executable_path/Frameworks",
				);
				MARKETING_VERSION = 1.0;
				PRODUCT_BUNDLE_IDENTIFIER = itsramiel.Spotify;
				PRODUCT_NAME = "$(TARGET_NAME)";
				SWIFT_EMIT_LOC_STRINGS = YES;
				SWIFT_VERSION = 5.0;
				TARGETED_DEVICE_FAMILY = "1,2";
			};
			name = Release;
		};
/* End XCBuildConfiguration section */

/* Begin XCConfigurationList section */
		9B21DC952C5024C800E2C520 /* Build configuration list for PBXProject "Spotify" */ = {
			isa = XCConfigurationList;
			buildConfigurations = (
				9B21DCAC2C5024C900E2C520 /* Debug */,
				9B21DCAD2C5024C900E2C520 /* Release */,
			);
			defaultConfigurationIsVisible = 0;
			defaultConfigurationName = Release;
		};
		9B21DCAE2C5024C900E2C520 /* Build configuration list for PBXNativeTarget "Spotify" */ = {
			isa = XCConfigurationList;
			buildConfigurations = (
				9B21DCAF2C5024C900E2C520 /* Debug */,
				9B21DCB02C5024C900E2C520 /* Release */,
			);
			defaultConfigurationIsVisible = 0;
			defaultConfigurationName = Release;
		};
/* End XCConfigurationList section */
	};
	rootObject = 9B21DC922C5024C800E2C520 /* Project object */;
}
